
Microsoft Visual Studio Solution File, Format Version 12.00
# Visual Studio Version 16
VisualStudioVersion = 16.0.31313.79
MinimumVisualStudioVersion = 10.0.40219.1
Project("{FAE04EC0-301F-11D3-BF4B-00C04F79EFBC}") = "syntaxExercise", "syntaxExercise\syntaxExercise.csproj", "{9F7A94E9-4091-4F6E-A6DE-55167FD98919}"
EndProject
Global
	GlobalSection(SolutionConfigurationPlatforms) = preSolution
		Debug|Any CPU = Debug|Any CPU
		Release|Any CPU = Release|Any CPU
	EndGlobalSection
	GlobalSection(ProjectConfigurationPlatforms) = postSolution
		{9F7A94E9-4091-4F6E-A6DE-55167FD98919}.Debug|Any CPU.ActiveCfg = Debug|Any CPU
		{9F7A94E9-4091-4F6E-A6DE-55167FD98919}.Debug|Any CPU.Build.0 = Debug|Any CPU
		{9F7A94E9-4091-4F6E-A6DE-55167FD98919}.Release|Any CPU.ActiveCfg = Release|Any CPU
		{9F7A94E9-4091-4F6E-A6DE-55167FD98919}.Release|Any CPU.Build.0 = Release|Any CPU
	EndGlobalSection
	GlobalSection(SolutionProperties) = preSolution
		HideSolutionNode = FALSE
	EndGlobalSection
	GlobalSection(ExtensibilityGlobals) = postSolution
		SolutionGuid = {FCD1045E-9362-4C7A-893A-D1AA586C0DF5}
	EndGlobalSection
EndGlobal
